
Microsoft Visual Studio Solution File, Format Version 12.00
# Visual Studio 15
VisualStudioVersion = 15.0.28307.1082
MinimumVisualStudioVersion = 10.0.40219.1
Project("{FAE04EC0-301F-11D3-BF4B-00C04F79EFBC}") = "Ogrenci_Bilgi_Sistemi", "Ogrenci_Bilgi_Sistemi\Ogrenci_Bilgi_Sistemi.csproj", "{EDBCFCDD-7DD6-45BF-BE25-E9B75B542628}"
EndProject
Global
	GlobalSection(SolutionConfigurationPlatforms) = preSolution
		Debug|Any CPU = Debug|Any CPU
		Release|Any CPU = Release|Any CPU
	EndGlobalSection
	GlobalSection(ProjectConfigurationPlatforms) = postSolution
		{EDBCFCDD-7DD6-45BF-BE25-E9B75B542628}.Debug|Any CPU.ActiveCfg = Debug|Any CPU
		{EDBCFCDD-7DD6-45BF-BE25-E9B75B542628}.Debug|Any CPU.Build.0 = Debug|Any CPU
		{EDBCFCDD-7DD6-45BF-BE25-E9B75B542628}.Release|Any CPU.ActiveCfg = Release|Any CPU
		{EDBCFCDD-7DD6-45BF-BE25-E9B75B542628}.Release|Any CPU.Build.0 = Release|Any CPU
	EndGlobalSection
	GlobalSection(SolutionProperties) = preSolution
		HideSolutionNode = FALSE
	EndGlobalSection
	GlobalSection(ExtensibilityGlobals) = postSolution
		SolutionGuid = {7E05B487-7EBD-4900-A6E0-35AFC06F511E}
	EndGlobalSection
EndGlobal
